// !$*UTF8*$!
{
	archiveVersion = 1;
	classes = {
	};
	objectVersion = 46;
	objects = {

/* Begin PBXBuildFile section */
		09354F871C00F5D9003182C3 /* GroupIndexViewController.swift in Sources */ = {isa = PBXBuildFile; fileRef = 09354F861C00F5D9003182C3 /* GroupIndexViewController.swift */; };
		0950D8081BFE345400D2CD34 /* AppDelegate.swift in Sources */ = {isa = PBXBuildFile; fileRef = 0950D8071BFE345400D2CD34 /* AppDelegate.swift */; };
		0950D80A1BFE345400D2CD34 /* ViewController.swift in Sources */ = {isa = PBXBuildFile; fileRef = 0950D8091BFE345400D2CD34 /* ViewController.swift */; };
		0950D80D1BFE345400D2CD34 /* Main.storyboard in Resources */ = {isa = PBXBuildFile; fileRef = 0950D80B1BFE345400D2CD34 /* Main.storyboard */; };
		0950D80F1BFE345400D2CD34 /* Images.xcassets in Resources */ = {isa = PBXBuildFile; fileRef = 0950D80E1BFE345400D2CD34 /* Images.xcassets */; };
		0950D8121BFE345400D2CD34 /* LaunchScreen.xib in Resources */ = {isa = PBXBuildFile; fileRef = 0950D8101BFE345400D2CD34 /* LaunchScreen.xib */; };
		0950D81E1BFE345400D2CD34 /* Where_You_AtTests.swift in Sources */ = {isa = PBXBuildFile; fileRef = 0950D81D1BFE345400D2CD34 /* Where_You_AtTests.swift */; };
		0950D8281BFE346400D2CD34 /* CoreLocation.framework in Frameworks */ = {isa = PBXBuildFile; fileRef = 0950D8271BFE346400D2CD34 /* CoreLocation.framework */; };
		0950D82A1BFE3B2600D2CD34 /* tag-line.png in Resources */ = {isa = PBXBuildFile; fileRef = 0950D8291BFE3B2600D2CD34 /* tag-line.png */; };
		0950D82C1BFE57D200D2CD34 /* SignUp-View.xib in Resources */ = {isa = PBXBuildFile; fileRef = 0950D82B1BFE57D200D2CD34 /* SignUp-View.xib */; };
		0950D82E1BFE5FCE00D2CD34 /* View.xib in Resources */ = {isa = PBXBuildFile; fileRef = 0950D82D1BFE5FCE00D2CD34 /* View.xib */; };
		0950D85E1BFEAD5B00D2CD34 /* QuartzCore.framework in Frameworks */ = {isa = PBXBuildFile; fileRef = 0950D85D1BFEAD5B00D2CD34 /* QuartzCore.framework */; };
		095C9A391C0260C700B7337E /* NewGroupViewController.swift in Sources */ = {isa = PBXBuildFile; fileRef = 095C9A381C0260C700B7337E /* NewGroupViewController.swift */; };
		095C9A4B1C027F3B00B7337E /* WYA-icon 120x120.png in Resources */ = {isa = PBXBuildFile; fileRef = 095C9A481C027F3B00B7337E /* WYA-icon 120x120.png */; };
		095C9A4C1C027F3B00B7337E /* WYA-icon 80x80.png in Resources */ = {isa = PBXBuildFile; fileRef = 095C9A491C027F3B00B7337E /* WYA-icon 80x80.png */; };
		095C9A4D1C027F3B00B7337E /* WYA-icon 58x58.png in Resources */ = {isa = PBXBuildFile; fileRef = 095C9A4A1C027F3B00B7337E /* WYA-icon 58x58.png */; };
		095C9A501C02844300B7337E /* Alamofire.framework in Frameworks */ = {isa = PBXBuildFile; fileRef = 099DEBBC1BFFB89E008F735F /* Alamofire.framework */; };
		095C9A511C02844300B7337E /* Alamofire.framework in Embed Frameworks */ = {isa = PBXBuildFile; fileRef = 099DEBBC1BFFB89E008F735F /* Alamofire.framework */; settings = {ATTRIBUTES = (CodeSignOnCopy, RemoveHeadersOnCopy, ); }; };
		09825FF61BFFAF6100AB8A69 /* NewUserControllerViewController.swift in Sources */ = {isa = PBXBuildFile; fileRef = 09825FF51BFFAF6100AB8A69 /* NewUserControllerViewController.swift */; };
		09825FF81BFFB23200AB8A69 /* signUp.swift in Sources */ = {isa = PBXBuildFile; fileRef = 09825FF71BFFB23200AB8A69 /* signUp.swift */; };
		09825FFA1BFFB2B800AB8A69 /* Invite.swift in Sources */ = {isa = PBXBuildFile; fileRef = 09825FF91BFFB2B800AB8A69 /* Invite.swift */; };
		09825FFC1BFFB33000AB8A69 /* GroupsUsers.swift in Sources */ = {isa = PBXBuildFile; fileRef = 09825FFB1BFFB33000AB8A69 /* GroupsUsers.swift */; };
		099DEBAE1BFFB74F008F735F /* Alamofire.framework in Frameworks */ = {isa = PBXBuildFile; fileRef = 099DEB891BFFB6F4008F735F /* Alamofire.framework */; };
		099DEBB01BFFB832008F735F /* MapViewController.swift in Sources */ = {isa = PBXBuildFile; fileRef = 099DEBAF1BFFB832008F735F /* MapViewController.swift */; };
		D187DEE9669A54C8208A114E /* Pods_Where_You_At.framework in Frameworks */ = {isa = PBXBuildFile; fileRef = A173D0A8ACF6634970321A5F /* Pods_Where_You_At.framework */; };
/* End PBXBuildFile section */

/* Begin PBXContainerItemProxy section */
		0950D8181BFE345400D2CD34 /* PBXContainerItemProxy */ = {
			isa = PBXContainerItemProxy;
			containerPortal = 0950D7FA1BFE345400D2CD34 /* Project object */;
			proxyType = 1;
			remoteGlobalIDString = 0950D8011BFE345400D2CD34;
			remoteInfo = "Where-You-At";
		};
		095C9A4E1C0283F900B7337E /* PBXContainerItemProxy */ = {
			isa = PBXContainerItemProxy;
			containerPortal = 099DEB961BFFB6FA008F735F /* Alamofire.xcodeproj */;
			proxyType = 1;
			remoteGlobalIDString = F8111E3219A95C8B0040E7D1;
			remoteInfo = "Alamofire iOS";
		};
		095C9A521C02844300B7337E /* PBXContainerItemProxy */ = {
			isa = PBXContainerItemProxy;
			containerPortal = 099DEB961BFFB6FA008F735F /* Alamofire.xcodeproj */;
			proxyType = 1;
			remoteGlobalIDString = F8111E3219A95C8B0040E7D1;
			remoteInfo = "Alamofire iOS";
		};
		099DEB881BFFB6F4008F735F /* PBXContainerItemProxy */ = {
			isa = PBXContainerItemProxy;
			containerPortal = 099DEB7E1BFFB6F3008F735F /* Alamofire.xcodeproj */;
			proxyType = 2;
			remoteGlobalIDString = F8111E3319A95C8B0040E7D1;
			remoteInfo = "Alamofire iOS";
		};
		099DEB8A1BFFB6F4008F735F /* PBXContainerItemProxy */ = {
			isa = PBXContainerItemProxy;
			containerPortal = 099DEB7E1BFFB6F3008F735F /* Alamofire.xcodeproj */;
			proxyType = 2;
			remoteGlobalIDString = F8111E3E19A95C8B0040E7D1;
			remoteInfo = "Alamofire iOS Tests";
		};
		099DEB8C1BFFB6F4008F735F /* PBXContainerItemProxy */ = {
			isa = PBXContainerItemProxy;
			containerPortal = 099DEB7E1BFFB6F3008F735F /* Alamofire.xcodeproj */;
			proxyType = 2;
			remoteGlobalIDString = 4DD67C0B1A5C55C900ED2280;
			remoteInfo = "Alamofire OSX";
		};
		099DEB8E1BFFB6F4008F735F /* PBXContainerItemProxy */ = {
			isa = PBXContainerItemProxy;
			containerPortal = 099DEB7E1BFFB6F3008F735F /* Alamofire.xcodeproj */;
			proxyType = 2;
			remoteGlobalIDString = F829C6B21A7A94F100A2CD59;
			remoteInfo = "Alamofire OSX Tests";
		};
		099DEB901BFFB6F4008F735F /* PBXContainerItemProxy */ = {
			isa = PBXContainerItemProxy;
			containerPortal = 099DEB7E1BFFB6F3008F735F /* Alamofire.xcodeproj */;
			proxyType = 2;
			remoteGlobalIDString = 4CF626EF1BA7CB3E0011A099;
			remoteInfo = "Alamofire tvOS";
		};
		099DEB921BFFB6F4008F735F /* PBXContainerItemProxy */ = {
			isa = PBXContainerItemProxy;
			containerPortal = 099DEB7E1BFFB6F3008F735F /* Alamofire.xcodeproj */;
			proxyType = 2;
			remoteGlobalIDString = 4CF626F81BA7CB3E0011A099;
			remoteInfo = "Alamofire tvOS Tests";
		};
		099DEB941BFFB6F4008F735F /* PBXContainerItemProxy */ = {
			isa = PBXContainerItemProxy;
			containerPortal = 099DEB7E1BFFB6F3008F735F /* Alamofire.xcodeproj */;
			proxyType = 2;
			remoteGlobalIDString = E4202FE01B667AA100C997FB;
			remoteInfo = "Alamofire watchOS";
		};
		099DEBBB1BFFB89E008F735F /* PBXContainerItemProxy */ = {
			isa = PBXContainerItemProxy;
			containerPortal = 099DEB961BFFB6FA008F735F /* Alamofire.xcodeproj */;
			proxyType = 2;
			remoteGlobalIDString = F8111E3319A95C8B0040E7D1;
			remoteInfo = "Alamofire iOS";
		};
		099DEBBD1BFFB89E008F735F /* PBXContainerItemProxy */ = {
			isa = PBXContainerItemProxy;
			containerPortal = 099DEB961BFFB6FA008F735F /* Alamofire.xcodeproj */;
			proxyType = 2;
			remoteGlobalIDString = F8111E3E19A95C8B0040E7D1;
			remoteInfo = "Alamofire iOS Tests";
		};
		099DEBBF1BFFB89E008F735F /* PBXContainerItemProxy */ = {
			isa = PBXContainerItemProxy;
			containerPortal = 099DEB961BFFB6FA008F735F /* Alamofire.xcodeproj */;
			proxyType = 2;
			remoteGlobalIDString = 4DD67C0B1A5C55C900ED2280;
			remoteInfo = "Alamofire OSX";
		};
		099DEBC11BFFB89E008F735F /* PBXContainerItemProxy */ = {
			isa = PBXContainerItemProxy;
			containerPortal = 099DEB961BFFB6FA008F735F /* Alamofire.xcodeproj */;
			proxyType = 2;
			remoteGlobalIDString = F829C6B21A7A94F100A2CD59;
			remoteInfo = "Alamofire OSX Tests";
		};
		099DEBC31BFFB89E008F735F /* PBXContainerItemProxy */ = {
			isa = PBXContainerItemProxy;
			containerPortal = 099DEB961BFFB6FA008F735F /* Alamofire.xcodeproj */;
			proxyType = 2;
			remoteGlobalIDString = 4CF626EF1BA7CB3E0011A099;
			remoteInfo = "Alamofire tvOS";
		};
		099DEBC51BFFB89E008F735F /* PBXContainerItemProxy */ = {
			isa = PBXContainerItemProxy;
			containerPortal = 099DEB961BFFB6FA008F735F /* Alamofire.xcodeproj */;
			proxyType = 2;
			remoteGlobalIDString = 4CF626F81BA7CB3E0011A099;
			remoteInfo = "Alamofire tvOS Tests";
		};
		099DEBC71BFFB89E008F735F /* PBXContainerItemProxy */ = {
			isa = PBXContainerItemProxy;
			containerPortal = 099DEB961BFFB6FA008F735F /* Alamofire.xcodeproj */;
			proxyType = 2;
			remoteGlobalIDString = E4202FE01B667AA100C997FB;
			remoteInfo = "Alamofire watchOS";
		};
/* End PBXContainerItemProxy section */

/* Begin PBXCopyFilesBuildPhase section */
		095C9A541C02844300B7337E /* Embed Frameworks */ = {
			isa = PBXCopyFilesBuildPhase;
			buildActionMask = 2147483647;
			dstPath = "";
			dstSubfolderSpec = 10;
			files = (
				095C9A511C02844300B7337E /* Alamofire.framework in Embed Frameworks */,
			);
			name = "Embed Frameworks";
			runOnlyForDeploymentPostprocessing = 0;
		};
/* End PBXCopyFilesBuildPhase section */

/* Begin PBXFileReference section */
		09354F861C00F5D9003182C3 /* GroupIndexViewController.swift */ = {isa = PBXFileReference; fileEncoding = 4; lastKnownFileType = sourcecode.swift; path = GroupIndexViewController.swift; sourceTree = "<group>"; };
		0950D8021BFE345400D2CD34 /* Where-You-At.app */ = {isa = PBXFileReference; explicitFileType = wrapper.application; includeInIndex = 0; path = "Where-You-At.app"; sourceTree = BUILT_PRODUCTS_DIR; };
		0950D8061BFE345400D2CD34 /* Info.plist */ = {isa = PBXFileReference; lastKnownFileType = text.plist.xml; path = Info.plist; sourceTree = "<group>"; };
		0950D8071BFE345400D2CD34 /* AppDelegate.swift */ = {isa = PBXFileReference; lastKnownFileType = sourcecode.swift; path = AppDelegate.swift; sourceTree = "<group>"; };
		0950D8091BFE345400D2CD34 /* ViewController.swift */ = {isa = PBXFileReference; lastKnownFileType = sourcecode.swift; path = ViewController.swift; sourceTree = "<group>"; };
		0950D80C1BFE345400D2CD34 /* Base */ = {isa = PBXFileReference; lastKnownFileType = file.storyboard; name = Base; path = Base.lproj/Main.storyboard; sourceTree = "<group>"; };
		0950D80E1BFE345400D2CD34 /* Images.xcassets */ = {isa = PBXFileReference; lastKnownFileType = folder.assetcatalog; path = Images.xcassets; sourceTree = "<group>"; };
		0950D8111BFE345400D2CD34 /* Base */ = {isa = PBXFileReference; lastKnownFileType = file.xib; name = Base; path = Base.lproj/LaunchScreen.xib; sourceTree = "<group>"; };
		0950D8171BFE345400D2CD34 /* Where-You-AtTests.xctest */ = {isa = PBXFileReference; explicitFileType = wrapper.cfbundle; includeInIndex = 0; path = "Where-You-AtTests.xctest"; sourceTree = BUILT_PRODUCTS_DIR; };
		0950D81C1BFE345400D2CD34 /* Info.plist */ = {isa = PBXFileReference; lastKnownFileType = text.plist.xml; path = Info.plist; sourceTree = "<group>"; };
		0950D81D1BFE345400D2CD34 /* Where_You_AtTests.swift */ = {isa = PBXFileReference; lastKnownFileType = sourcecode.swift; path = Where_You_AtTests.swift; sourceTree = "<group>"; };
		0950D8271BFE346400D2CD34 /* CoreLocation.framework */ = {isa = PBXFileReference; lastKnownFileType = wrapper.framework; name = CoreLocation.framework; path = System/Library/Frameworks/CoreLocation.framework; sourceTree = SDKROOT; };
		0950D8291BFE3B2600D2CD34 /* tag-line.png */ = {isa = PBXFileReference; lastKnownFileType = image.png; name = "tag-line.png"; path = "Images.xcassets/tag-line.png"; sourceTree = "<group>"; };
		0950D82B1BFE57D200D2CD34 /* SignUp-View.xib */ = {isa = PBXFileReference; fileEncoding = 4; lastKnownFileType = file.xib; path = "SignUp-View.xib"; sourceTree = "<group>"; };
		0950D82D1BFE5FCE00D2CD34 /* View.xib */ = {isa = PBXFileReference; fileEncoding = 4; lastKnownFileType = file.xib; path = View.xib; sourceTree = "<group>"; };
		0950D85D1BFEAD5B00D2CD34 /* QuartzCore.framework */ = {isa = PBXFileReference; lastKnownFileType = wrapper.framework; name = QuartzCore.framework; path = System/Library/Frameworks/QuartzCore.framework; sourceTree = SDKROOT; };
		095C9A381C0260C700B7337E /* NewGroupViewController.swift */ = {isa = PBXFileReference; fileEncoding = 4; lastKnownFileType = sourcecode.swift; path = NewGroupViewController.swift; sourceTree = "<group>"; };
		095C9A481C027F3B00B7337E /* WYA-icon 120x120.png */ = {isa = PBXFileReference; lastKnownFileType = image.png; path = "WYA-icon 120x120.png"; sourceTree = "<group>"; };
		095C9A491C027F3B00B7337E /* WYA-icon 80x80.png */ = {isa = PBXFileReference; lastKnownFileType = image.png; path = "WYA-icon 80x80.png"; sourceTree = "<group>"; };
		095C9A4A1C027F3B00B7337E /* WYA-icon 58x58.png */ = {isa = PBXFileReference; lastKnownFileType = image.png; path = "WYA-icon 58x58.png"; sourceTree = "<group>"; };
		09825FF51BFFAF6100AB8A69 /* NewUserControllerViewController.swift */ = {isa = PBXFileReference; fileEncoding = 4; lastKnownFileType = sourcecode.swift; path = NewUserControllerViewController.swift; sourceTree = "<group>"; };
		09825FF71BFFB23200AB8A69 /* signUp.swift */ = {isa = PBXFileReference; fileEncoding = 4; lastKnownFileType = sourcecode.swift; path = signUp.swift; sourceTree = "<group>"; };
		09825FF91BFFB2B800AB8A69 /* Invite.swift */ = {isa = PBXFileReference; fileEncoding = 4; lastKnownFileType = sourcecode.swift; path = Invite.swift; sourceTree = "<group>"; };
		09825FFB1BFFB33000AB8A69 /* GroupsUsers.swift */ = {isa = PBXFileReference; fileEncoding = 4; lastKnownFileType = sourcecode.swift; path = GroupsUsers.swift; sourceTree = "<group>"; };
		099DEB7E1BFFB6F3008F735F /* Alamofire.xcodeproj */ = {isa = PBXFileReference; lastKnownFileType = "wrapper.pb-project"; name = Alamofire.xcodeproj; path = Alamofire/Alamofire.xcodeproj; sourceTree = "<group>"; };
		099DEB961BFFB6FA008F735F /* Alamofire.xcodeproj */ = {isa = PBXFileReference; lastKnownFileType = "wrapper.pb-project"; name = Alamofire.xcodeproj; path = ../Alamofire/Alamofire.xcodeproj; sourceTree = "<group>"; };
		099DEBAF1BFFB832008F735F /* MapViewController.swift */ = {isa = PBXFileReference; fileEncoding = 4; lastKnownFileType = sourcecode.swift; path = MapViewController.swift; sourceTree = "<group>"; };
		2EA7FC15D85CA61797ABE770 /* Pods-Where-You-At.release.xcconfig */ = {isa = PBXFileReference; includeInIndex = 1; lastKnownFileType = text.xcconfig; name = "Pods-Where-You-At.release.xcconfig"; path = "Pods/Target Support Files/Pods-Where-You-At/Pods-Where-You-At.release.xcconfig"; sourceTree = "<group>"; };
		53B1E6CAF2B68EE562F4B438 /* Pods-Where-You-At.debug.xcconfig */ = {isa = PBXFileReference; includeInIndex = 1; lastKnownFileType = text.xcconfig; name = "Pods-Where-You-At.debug.xcconfig"; path = "Pods/Target Support Files/Pods-Where-You-At/Pods-Where-You-At.debug.xcconfig"; sourceTree = "<group>"; };
		A173D0A8ACF6634970321A5F /* Pods_Where_You_At.framework */ = {isa = PBXFileReference; explicitFileType = wrapper.framework; includeInIndex = 0; path = Pods_Where_You_At.framework; sourceTree = BUILT_PRODUCTS_DIR; };
/* End PBXFileReference section */

/* Begin PBXFrameworksBuildPhase section */
		0950D7FF1BFE345400D2CD34 /* Frameworks */ = {
			isa = PBXFrameworksBuildPhase;
			buildActionMask = 2147483647;
			files = (
				099DEBAE1BFFB74F008F735F /* Alamofire.framework in Frameworks */,
				0950D85E1BFEAD5B00D2CD34 /* QuartzCore.framework in Frameworks */,
				0950D8281BFE346400D2CD34 /* CoreLocation.framework in Frameworks */,
				095C9A501C02844300B7337E /* Alamofire.framework in Frameworks */,
				D187DEE9669A54C8208A114E /* Pods_Where_You_At.framework in Frameworks */,
			);
			runOnlyForDeploymentPostprocessing = 0;
		};
		0950D8141BFE345400D2CD34 /* Frameworks */ = {
			isa = PBXFrameworksBuildPhase;
			buildActionMask = 2147483647;
			files = (
			);
			runOnlyForDeploymentPostprocessing = 0;
		};
/* End PBXFrameworksBuildPhase section */

/* Begin PBXGroup section */
		0950D7F91BFE345400D2CD34 = {
			isa = PBXGroup;
			children = (
				0950D85D1BFEAD5B00D2CD34 /* QuartzCore.framework */,
				0950D8271BFE346400D2CD34 /* CoreLocation.framework */,
				0950D8041BFE345400D2CD34 /* Where-You-At */,
				0950D81A1BFE345400D2CD34 /* Where-You-AtTests */,
				0950D8031BFE345400D2CD34 /* Products */,
				92938085B09C2E0DF70854BA /* Pods */,
				DA4AFC746548BADDADF956BE /* Frameworks */,
			);
			sourceTree = "<group>";
		};
		0950D8031BFE345400D2CD34 /* Products */ = {
			isa = PBXGroup;
			children = (
				0950D8021BFE345400D2CD34 /* Where-You-At.app */,
				0950D8171BFE345400D2CD34 /* Where-You-AtTests.xctest */,
			);
			name = Products;
			sourceTree = "<group>";
		};
		0950D8041BFE345400D2CD34 /* Where-You-At */ = {
			isa = PBXGroup;
			children = (
				099DEB961BFFB6FA008F735F /* Alamofire.xcodeproj */,
				0950D8071BFE345400D2CD34 /* AppDelegate.swift */,
				0950D8091BFE345400D2CD34 /* ViewController.swift */,
				0950D80B1BFE345400D2CD34 /* Main.storyboard */,
				09354F861C00F5D9003182C3 /* GroupIndexViewController.swift */,
				099DEBAF1BFFB832008F735F /* MapViewController.swift */,
				09825FFB1BFFB33000AB8A69 /* GroupsUsers.swift */,
				09825FF91BFFB2B800AB8A69 /* Invite.swift */,
				095C9A381C0260C700B7337E /* NewGroupViewController.swift */,
				09825FF71BFFB23200AB8A69 /* signUp.swift */,
				09825FF51BFFAF6100AB8A69 /* NewUserControllerViewController.swift */,
				0950D82D1BFE5FCE00D2CD34 /* View.xib */,
				0950D82B1BFE57D200D2CD34 /* SignUp-View.xib */,
				0950D8291BFE3B2600D2CD34 /* tag-line.png */,
				0950D80E1BFE345400D2CD34 /* Images.xcassets */,
				0950D8101BFE345400D2CD34 /* LaunchScreen.xib */,
				0950D8051BFE345400D2CD34 /* Supporting Files */,
			);
			path = "Where-You-At";
			sourceTree = "<group>";
		};
		0950D8051BFE345400D2CD34 /* Supporting Files */ = {
			isa = PBXGroup;
			children = (
				095C9A481C027F3B00B7337E /* WYA-icon 120x120.png */,
				095C9A491C027F3B00B7337E /* WYA-icon 80x80.png */,
				095C9A4A1C027F3B00B7337E /* WYA-icon 58x58.png */,
				0950D8061BFE345400D2CD34 /* Info.plist */,
			);
			name = "Supporting Files";
			sourceTree = "<group>";
		};
		0950D81A1BFE345400D2CD34 /* Where-You-AtTests */ = {
			isa = PBXGroup;
			children = (
				0950D81D1BFE345400D2CD34 /* Where_You_AtTests.swift */,
				0950D81B1BFE345400D2CD34 /* Supporting Files */,
			);
			path = "Where-You-AtTests";
			sourceTree = "<group>";
		};
		0950D81B1BFE345400D2CD34 /* Supporting Files */ = {
			isa = PBXGroup;
			children = (
				0950D81C1BFE345400D2CD34 /* Info.plist */,
			);
			name = "Supporting Files";
			sourceTree = "<group>";
		};
		099DEB7F1BFFB6F3008F735F /* Products */ = {
			isa = PBXGroup;
			children = (
				099DEB891BFFB6F4008F735F /* Alamofire.framework */,
				099DEB8B1BFFB6F4008F735F /* Alamofire iOS Tests.xctest */,
				099DEB8D1BFFB6F4008F735F /* Alamofire.framework */,
				099DEB8F1BFFB6F4008F735F /* Alamofire OSX Tests.xctest */,
				099DEB911BFFB6F4008F735F /* Alamofire.framework */,
				099DEB931BFFB6F4008F735F /* Alamofire tvOS Tests.xctest */,
				099DEB951BFFB6F4008F735F /* Alamofire.framework */,
			);
			name = Products;
			sourceTree = "<group>";
		};
		099DEBB21BFFB89D008F735F /* Products */ = {
			isa = PBXGroup;
			children = (
				099DEBBC1BFFB89E008F735F /* Alamofire.framework */,
				099DEBBE1BFFB89E008F735F /* Alamofire iOS Tests.xctest */,
				099DEBC01BFFB89E008F735F /* Alamofire.framework */,
				099DEBC21BFFB89E008F735F /* Alamofire OSX Tests.xctest */,
				099DEBC41BFFB89E008F735F /* Alamofire.framework */,
				099DEBC61BFFB89E008F735F /* Alamofire tvOS Tests.xctest */,
				099DEBC81BFFB89E008F735F /* Alamofire.framework */,
			);
			name = Products;
			sourceTree = "<group>";
		};
		92938085B09C2E0DF70854BA /* Pods */ = {
			isa = PBXGroup;
			children = (
				53B1E6CAF2B68EE562F4B438 /* Pods-Where-You-At.debug.xcconfig */,
				2EA7FC15D85CA61797ABE770 /* Pods-Where-You-At.release.xcconfig */,
			);
			name = Pods;
			sourceTree = "<group>";
		};
		DA4AFC746548BADDADF956BE /* Frameworks */ = {
			isa = PBXGroup;
			children = (
				099DEB7E1BFFB6F3008F735F /* Alamofire.xcodeproj */,
				A173D0A8ACF6634970321A5F /* Pods_Where_You_At.framework */,
			);
			name = Frameworks;
			sourceTree = "<group>";
		};
/* End PBXGroup section */

/* Begin PBXNativeTarget section */
		0950D8011BFE345400D2CD34 /* Where-You-At */ = {
			isa = PBXNativeTarget;
			buildConfigurationList = 0950D8211BFE345400D2CD34 /* Build configuration list for PBXNativeTarget "Where-You-At" */;
			buildPhases = (
				35AFA96267C5AEC67DDE3362 /* Check Pods Manifest.lock */,
				0950D7FE1BFE345400D2CD34 /* Sources */,
				0950D7FF1BFE345400D2CD34 /* Frameworks */,
				0950D8001BFE345400D2CD34 /* Resources */,
				589B2F33AA88D4464DEFEBEF /* Embed Pods Frameworks */,
				38EF5EC42F556BC56F3C4ECB /* Copy Pods Resources */,
				095C9A541C02844300B7337E /* Embed Frameworks */,
			);
			buildRules = (
			);
			dependencies = (
				095C9A4F1C0283F900B7337E /* PBXTargetDependency */,
				095C9A531C02844300B7337E /* PBXTargetDependency */,
			);
			name = "Where-You-At";
			productName = "Where-You-At";
			productReference = 0950D8021BFE345400D2CD34 /* Where-You-At.app */;
			productType = "com.apple.product-type.application";
		};
		0950D8161BFE345400D2CD34 /* Where-You-AtTests */ = {
			isa = PBXNativeTarget;
			buildConfigurationList = 0950D8241BFE345400D2CD34 /* Build configuration list for PBXNativeTarget "Where-You-AtTests" */;
			buildPhases = (
				0950D8131BFE345400D2CD34 /* Sources */,
				0950D8141BFE345400D2CD34 /* Frameworks */,
				0950D8151BFE345400D2CD34 /* Resources */,
			);
			buildRules = (
			);
			dependencies = (
				0950D8191BFE345400D2CD34 /* PBXTargetDependency */,
			);
			name = "Where-You-AtTests";
			productName = "Where-You-AtTests";
			productReference = 0950D8171BFE345400D2CD34 /* Where-You-AtTests.xctest */;
			productType = "com.apple.product-type.bundle.unit-test";
		};
/* End PBXNativeTarget section */

/* Begin PBXProject section */
		0950D7FA1BFE345400D2CD34 /* Project object */ = {
			isa = PBXProject;
			attributes = {
				LastSwiftUpdateCheck = 0710;
				LastUpgradeCheck = 0700;
				ORGANIZATIONNAME = Apprentice;
				TargetAttributes = {
					0950D8011BFE345400D2CD34 = {
						CreatedOnToolsVersion = 6.2;
						DevelopmentTeam = 87JFW832E6;
					};
					0950D8161BFE345400D2CD34 = {
						CreatedOnToolsVersion = 6.2;
						TestTargetID = 0950D8011BFE345400D2CD34;
					};
				};
			};
			buildConfigurationList = 0950D7FD1BFE345400D2CD34 /* Build configuration list for PBXProject "Where-You-At" */;
			compatibilityVersion = "Xcode 3.2";
			developmentRegion = English;
			hasScannedForEncodings = 0;
			knownRegions = (
				en,
				Base,
			);
			mainGroup = 0950D7F91BFE345400D2CD34;
			productRefGroup = 0950D8031BFE345400D2CD34 /* Products */;
			projectDirPath = "";
			projectReferences = (
				{
					ProductGroup = 099DEBB21BFFB89D008F735F /* Products */;
					ProjectRef = 099DEB961BFFB6FA008F735F /* Alamofire.xcodeproj */;
				},
				{
					ProductGroup = 099DEB7F1BFFB6F3008F735F /* Products */;
					ProjectRef = 099DEB7E1BFFB6F3008F735F /* Alamofire.xcodeproj */;
				},
			);
			projectRoot = "";
			targets = (
				0950D8011BFE345400D2CD34 /* Where-You-At */,
				0950D8161BFE345400D2CD34 /* Where-You-AtTests */,
			);
		};
/* End PBXProject section */

/* Begin PBXReferenceProxy section */
		099DEB891BFFB6F4008F735F /* Alamofire.framework */ = {
			isa = PBXReferenceProxy;
			fileType = wrapper.framework;
			path = Alamofire.framework;
			remoteRef = 099DEB881BFFB6F4008F735F /* PBXContainerItemProxy */;
			sourceTree = BUILT_PRODUCTS_DIR;
		};
		099DEB8B1BFFB6F4008F735F /* Alamofire iOS Tests.xctest */ = {
			isa = PBXReferenceProxy;
			fileType = wrapper.cfbundle;
			path = "Alamofire iOS Tests.xctest";
			remoteRef = 099DEB8A1BFFB6F4008F735F /* PBXContainerItemProxy */;
			sourceTree = BUILT_PRODUCTS_DIR;
		};
		099DEB8D1BFFB6F4008F735F /* Alamofire.framework */ = {
			isa = PBXReferenceProxy;
			fileType = wrapper.framework;
			path = Alamofire.framework;
			remoteRef = 099DEB8C1BFFB6F4008F735F /* PBXContainerItemProxy */;
			sourceTree = BUILT_PRODUCTS_DIR;
		};
		099DEB8F1BFFB6F4008F735F /* Alamofire OSX Tests.xctest */ = {
			isa = PBXReferenceProxy;
			fileType = wrapper.cfbundle;
			path = "Alamofire OSX Tests.xctest";
			remoteRef = 099DEB8E1BFFB6F4008F735F /* PBXContainerItemProxy */;
			sourceTree = BUILT_PRODUCTS_DIR;
		};
		099DEB911BFFB6F4008F735F /* Alamofire.framework */ = {
			isa = PBXReferenceProxy;
			fileType = wrapper.framework;
			path = Alamofire.framework;
			remoteRef = 099DEB901BFFB6F4008F735F /* PBXContainerItemProxy */;
			sourceTree = BUILT_PRODUCTS_DIR;
		};
		099DEB931BFFB6F4008F735F /* Alamofire tvOS Tests.xctest */ = {
			isa = PBXReferenceProxy;
			fileType = wrapper.cfbundle;
			path = "Alamofire tvOS Tests.xctest";
			remoteRef = 099DEB921BFFB6F4008F735F /* PBXContainerItemProxy */;
			sourceTree = BUILT_PRODUCTS_DIR;
		};
		099DEB951BFFB6F4008F735F /* Alamofire.framework */ = {
			isa = PBXReferenceProxy;
			fileType = wrapper.framework;
			path = Alamofire.framework;
			remoteRef = 099DEB941BFFB6F4008F735F /* PBXContainerItemProxy */;
			sourceTree = BUILT_PRODUCTS_DIR;
		};
		099DEBBC1BFFB89E008F735F /* Alamofire.framework */ = {
			isa = PBXReferenceProxy;
			fileType = wrapper.framework;
			path = Alamofire.framework;
			remoteRef = 099DEBBB1BFFB89E008F735F /* PBXContainerItemProxy */;
			sourceTree = BUILT_PRODUCTS_DIR;
		};
		099DEBBE1BFFB89E008F735F /* Alamofire iOS Tests.xctest */ = {
			isa = PBXReferenceProxy;
			fileType = wrapper.cfbundle;
			path = "Alamofire iOS Tests.xctest";
			remoteRef = 099DEBBD1BFFB89E008F735F /* PBXContainerItemProxy */;
			sourceTree = BUILT_PRODUCTS_DIR;
		};
		099DEBC01BFFB89E008F735F /* Alamofire.framework */ = {
			isa = PBXReferenceProxy;
			fileType = wrapper.framework;
			path = Alamofire.framework;
			remoteRef = 099DEBBF1BFFB89E008F735F /* PBXContainerItemProxy */;
			sourceTree = BUILT_PRODUCTS_DIR;
		};
		099DEBC21BFFB89E008F735F /* Alamofire OSX Tests.xctest */ = {
			isa = PBXReferenceProxy;
			fileType = wrapper.cfbundle;
			path = "Alamofire OSX Tests.xctest";
			remoteRef = 099DEBC11BFFB89E008F735F /* PBXContainerItemProxy */;
			sourceTree = BUILT_PRODUCTS_DIR;
		};
		099DEBC41BFFB89E008F735F /* Alamofire.framework */ = {
			isa = PBXReferenceProxy;
			fileType = wrapper.framework;
			path = Alamofire.framework;
			remoteRef = 099DEBC31BFFB89E008F735F /* PBXContainerItemProxy */;
			sourceTree = BUILT_PRODUCTS_DIR;
		};
		099DEBC61BFFB89E008F735F /* Alamofire tvOS Tests.xctest */ = {
			isa = PBXReferenceProxy;
			fileType = wrapper.cfbundle;
			path = "Alamofire tvOS Tests.xctest";
			remoteRef = 099DEBC51BFFB89E008F735F /* PBXContainerItemProxy */;
			sourceTree = BUILT_PRODUCTS_DIR;
		};
		099DEBC81BFFB89E008F735F /* Alamofire.framework */ = {
			isa = PBXReferenceProxy;
			fileType = wrapper.framework;
			path = Alamofire.framework;
			remoteRef = 099DEBC71BFFB89E008F735F /* PBXContainerItemProxy */;
			sourceTree = BUILT_PRODUCTS_DIR;
		};
/* End PBXReferenceProxy section */

/* Begin PBXResourcesBuildPhase section */
		0950D8001BFE345400D2CD34 /* Resources */ = {
			isa = PBXResourcesBuildPhase;
			buildActionMask = 2147483647;
			files = (
				0950D82A1BFE3B2600D2CD34 /* tag-line.png in Resources */,
				0950D82C1BFE57D200D2CD34 /* SignUp-View.xib in Resources */,
				0950D80D1BFE345400D2CD34 /* Main.storyboard in Resources */,
				0950D8121BFE345400D2CD34 /* LaunchScreen.xib in Resources */,
				095C9A4C1C027F3B00B7337E /* WYA-icon 80x80.png in Resources */,
				0950D82E1BFE5FCE00D2CD34 /* View.xib in Resources */,
				0950D80F1BFE345400D2CD34 /* Images.xcassets in Resources */,
				095C9A4B1C027F3B00B7337E /* WYA-icon 120x120.png in Resources */,
				095C9A4D1C027F3B00B7337E /* WYA-icon 58x58.png in Resources */,
			);
			runOnlyForDeploymentPostprocessing = 0;
		};
		0950D8151BFE345400D2CD34 /* Resources */ = {
			isa = PBXResourcesBuildPhase;
			buildActionMask = 2147483647;
			files = (
			);
			runOnlyForDeploymentPostprocessing = 0;
		};
/* End PBXResourcesBuildPhase section */

/* Begin PBXShellScriptBuildPhase section */
		35AFA96267C5AEC67DDE3362 /* Check Pods Manifest.lock */ = {
			isa = PBXShellScriptBuildPhase;
			buildActionMask = 2147483647;
			files = (
			);
			inputPaths = (
			);
			name = "Check Pods Manifest.lock";
			outputPaths = (
			);
			runOnlyForDeploymentPostprocessing = 0;
			shellPath = /bin/sh;
			shellScript = "diff \"${PODS_ROOT}/../Podfile.lock\" \"${PODS_ROOT}/Manifest.lock\" > /dev/null\nif [[ $? != 0 ]] ; then\n    cat << EOM\nerror: The sandbox is not in sync with the Podfile.lock. Run 'pod install' or update your CocoaPods installation.\nEOM\n    exit 1\nfi\n";
			showEnvVarsInLog = 0;
		};
		38EF5EC42F556BC56F3C4ECB /* Copy Pods Resources */ = {
			isa = PBXShellScriptBuildPhase;
			buildActionMask = 2147483647;
			files = (
			);
			inputPaths = (
			);
			name = "Copy Pods Resources";
			outputPaths = (
			);
			runOnlyForDeploymentPostprocessing = 0;
			shellPath = /bin/sh;
			shellScript = "\"${SRCROOT}/Pods/Target Support Files/Pods-Where-You-At/Pods-Where-You-At-resources.sh\"\n";
			showEnvVarsInLog = 0;
		};
		589B2F33AA88D4464DEFEBEF /* Embed Pods Frameworks */ = {
			isa = PBXShellScriptBuildPhase;
			buildActionMask = 2147483647;
			files = (
			);
			inputPaths = (
			);
			name = "Embed Pods Frameworks";
			outputPaths = (
			);
			runOnlyForDeploymentPostprocessing = 0;
			shellPath = /bin/sh;
			shellScript = "\"${SRCROOT}/Pods/Target Support Files/Pods-Where-You-At/Pods-Where-You-At-frameworks.sh\"\n";
			showEnvVarsInLog = 0;
		};
/* End PBXShellScriptBuildPhase section */

/* Begin PBXSourcesBuildPhase section */
		0950D7FE1BFE345400D2CD34 /* Sources */ = {
			isa = PBXSourcesBuildPhase;
			buildActionMask = 2147483647;
			files = (
				09825FFC1BFFB33000AB8A69 /* GroupsUsers.swift in Sources */,
				09825FF61BFFAF6100AB8A69 /* NewUserControllerViewController.swift in Sources */,
				09825FFA1BFFB2B800AB8A69 /* Invite.swift in Sources */,
				09825FF81BFFB23200AB8A69 /* signUp.swift in Sources */,
				095C9A391C0260C700B7337E /* NewGroupViewController.swift in Sources */,
				0950D80A1BFE345400D2CD34 /* ViewController.swift in Sources */,
				09354F871C00F5D9003182C3 /* GroupIndexViewController.swift in Sources */,
				0950D8081BFE345400D2CD34 /* AppDelegate.swift in Sources */,
				099DEBB01BFFB832008F735F /* MapViewController.swift in Sources */,
			);
			runOnlyForDeploymentPostprocessing = 0;
		};
		0950D8131BFE345400D2CD34 /* Sources */ = {
			isa = PBXSourcesBuildPhase;
			buildActionMask = 2147483647;
			files = (
				0950D81E1BFE345400D2CD34 /* Where_You_AtTests.swift in Sources */,
			);
			runOnlyForDeploymentPostprocessing = 0;
		};
/* End PBXSourcesBuildPhase section */

/* Begin PBXTargetDependency section */
		0950D8191BFE345400D2CD34 /* PBXTargetDependency */ = {
			isa = PBXTargetDependency;
			target = 0950D8011BFE345400D2CD34 /* Where-You-At */;
			targetProxy = 0950D8181BFE345400D2CD34 /* PBXContainerItemProxy */;
		};
		095C9A4F1C0283F900B7337E /* PBXTargetDependency */ = {
			isa = PBXTargetDependency;
			name = "Alamofire iOS";
			targetProxy = 095C9A4E1C0283F900B7337E /* PBXContainerItemProxy */;
		};
		095C9A531C02844300B7337E /* PBXTargetDependency */ = {
			isa = PBXTargetDependency;
			name = "Alamofire iOS";
			targetProxy = 095C9A521C02844300B7337E /* PBXContainerItemProxy */;
		};
/* End PBXTargetDependency section */

/* Begin PBXVariantGroup section */
		0950D80B1BFE345400D2CD34 /* Main.storyboard */ = {
			isa = PBXVariantGroup;
			children = (
				0950D80C1BFE345400D2CD34 /* Base */,
			);
			name = Main.storyboard;
			sourceTree = "<group>";
		};
		0950D8101BFE345400D2CD34 /* LaunchScreen.xib */ = {
			isa = PBXVariantGroup;
			children = (
				0950D8111BFE345400D2CD34 /* Base */,
			);
			name = LaunchScreen.xib;
			sourceTree = "<group>";
		};
/* End PBXVariantGroup section */

/* Begin XCBuildConfiguration section */
		0950D81F1BFE345400D2CD34 /* Debug */ = {
			isa = XCBuildConfiguration;
			buildSettings = {
				ALWAYS_SEARCH_USER_PATHS = NO;
				CLANG_CXX_LANGUAGE_STANDARD = "gnu++0x";
				CLANG_CXX_LIBRARY = "libc++";
				CLANG_ENABLE_MODULES = YES;
				CLANG_ENABLE_OBJC_ARC = YES;
				CLANG_WARN_BOOL_CONVERSION = YES;
				CLANG_WARN_CONSTANT_CONVERSION = YES;
				CLANG_WARN_DIRECT_OBJC_ISA_USAGE = YES_ERROR;
				CLANG_WARN_EMPTY_BODY = YES;
				CLANG_WARN_ENUM_CONVERSION = YES;
				CLANG_WARN_INT_CONVERSION = YES;
				CLANG_WARN_OBJC_ROOT_CLASS = YES_ERROR;
				CLANG_WARN_UNREACHABLE_CODE = YES;
				CLANG_WARN__DUPLICATE_METHOD_MATCH = YES;
				"CODE_SIGN_IDENTITY[sdk=iphoneos*]" = "iPhone Developer";
				COPY_PHASE_STRIP = NO;
				ENABLE_STRICT_OBJC_MSGSEND = YES;
				ENABLE_TESTABILITY = YES;
				GCC_C_LANGUAGE_STANDARD = gnu99;
				GCC_DYNAMIC_NO_PIC = NO;
				GCC_OPTIMIZATION_LEVEL = 0;
				GCC_PREPROCESSOR_DEFINITIONS = (
					"DEBUG=1",
					"$(inherited)",
				);
				GCC_SYMBOLS_PRIVATE_EXTERN = NO;
				GCC_WARN_64_TO_32_BIT_CONVERSION = YES;
				GCC_WARN_ABOUT_RETURN_TYPE = YES_ERROR;
				GCC_WARN_UNDECLARED_SELECTOR = YES;
				GCC_WARN_UNINITIALIZED_AUTOS = YES_AGGRESSIVE;
				GCC_WARN_UNUSED_FUNCTION = YES;
				GCC_WARN_UNUSED_VARIABLE = YES;
				IPHONEOS_DEPLOYMENT_TARGET = 9.0;
				MTL_ENABLE_DEBUG_INFO = YES;
				ONLY_ACTIVE_ARCH = YES;
				SDKROOT = iphoneos;
				SWIFT_OPTIMIZATION_LEVEL = "-Onone";
			};
			name = Debug;
		};
		0950D8201BFE345400D2CD34 /* Release */ = {
			isa = XCBuildConfiguration;
			buildSettings = {
				ALWAYS_SEARCH_USER_PATHS = NO;
				CLANG_CXX_LANGUAGE_STANDARD = "gnu++0x";
				CLANG_CXX_LIBRARY = "libc++";
				CLANG_ENABLE_MODULES = YES;
				CLANG_ENABLE_OBJC_ARC = YES;
				CLANG_WARN_BOOL_CONVERSION = YES;
				CLANG_WARN_CONSTANT_CONVERSION = YES;
				CLANG_WARN_DIRECT_OBJC_ISA_USAGE = YES_ERROR;
				CLANG_WARN_EMPTY_BODY = YES;
				CLANG_WARN_ENUM_CONVERSION = YES;
				CLANG_WARN_INT_CONVERSION = YES;
				CLANG_WARN_OBJC_ROOT_CLASS = YES_ERROR;
				CLANG_WARN_UNREACHABLE_CODE = YES;
				CLANG_WARN__DUPLICATE_METHOD_MATCH = YES;
				"CODE_SIGN_IDENTITY[sdk=iphoneos*]" = "iPhone Developer";
				COPY_PHASE_STRIP = NO;
				ENABLE_NS_ASSERTIONS = NO;
				ENABLE_STRICT_OBJC_MSGSEND = YES;
				GCC_C_LANGUAGE_STANDARD = gnu99;
				GCC_WARN_64_TO_32_BIT_CONVERSION = YES;
				GCC_WARN_ABOUT_RETURN_TYPE = YES_ERROR;
				GCC_WARN_UNDECLARED_SELECTOR = YES;
				GCC_WARN_UNINITIALIZED_AUTOS = YES_AGGRESSIVE;
				GCC_WARN_UNUSED_FUNCTION = YES;
				GCC_WARN_UNUSED_VARIABLE = YES;
				IPHONEOS_DEPLOYMENT_TARGET = 9.0;
				MTL_ENABLE_DEBUG_INFO = NO;
				SDKROOT = iphoneos;
				VALIDATE_PRODUCT = YES;
			};
			name = Release;
		};
		0950D8221BFE345400D2CD34 /* Debug */ = {
			isa = XCBuildConfiguration;
			baseConfigurationReference = 53B1E6CAF2B68EE562F4B438 /* Pods-Where-You-At.debug.xcconfig */;
			buildSettings = {
				ASSETCATALOG_COMPILER_APPICON_NAME = AppIcon;
				CODE_SIGN_IDENTITY = "iPhone Developer";
				EMBEDDED_CONTENT_CONTAINS_SWIFT = YES;
				INFOPLIST_FILE = "Where-You-At/Info.plist";
				IPHONEOS_DEPLOYMENT_TARGET = 9.0;
				LD_RUNPATH_SEARCH_PATHS = "$(inherited) @executable_path/Frameworks";
				PRODUCT_BUNDLE_IDENTIFIER = "WYA.Where-You-At1";
				PRODUCT_NAME = "$(TARGET_NAME)";
				PROVISIONING_PROFILE = "0c8c88fc-10b4-4494-b57d-866c47a4220a";
				TARGETED_DEVICE_FAMILY = 1;
			};
			name = Debug;
		};
		0950D8231BFE345400D2CD34 /* Release */ = {
			isa = XCBuildConfiguration;
			baseConfigurationReference = 2EA7FC15D85CA61797ABE770 /* Pods-Where-You-At.release.xcconfig */;
			buildSettings = {
				ASSETCATALOG_COMPILER_APPICON_NAME = AppIcon;
				CODE_SIGN_IDENTITY = "iPhone Developer";
				EMBEDDED_CONTENT_CONTAINS_SWIFT = YES;
				INFOPLIST_FILE = "Where-You-At/Info.plist";
				IPHONEOS_DEPLOYMENT_TARGET = 9.0;
				LD_RUNPATH_SEARCH_PATHS = "$(inherited) @executable_path/Frameworks";
				PRODUCT_BUNDLE_IDENTIFIER = "WYA.Where-You-At1";
				PRODUCT_NAME = "$(TARGET_NAME)";
				PROVISIONING_PROFILE = "0c8c88fc-10b4-4494-b57d-866c47a4220a";
				TARGETED_DEVICE_FAMILY = 1;
			};
			name = Release;
		};
		0950D8251BFE345400D2CD34 /* Debug */ = {
			isa = XCBuildConfiguration;
			buildSettings = {
				BUNDLE_LOADER = "$(TEST_HOST)";
				FRAMEWORK_SEARCH_PATHS = (
					"$(SDKROOT)/Developer/Library/Frameworks",
					"$(inherited)",
				);
				GCC_PREPROCESSOR_DEFINITIONS = (
					"DEBUG=1",
					"$(inherited)",
				);
				INFOPLIST_FILE = "Where-You-AtTests/Info.plist";
				LD_RUNPATH_SEARCH_PATHS = "$(inherited) @executable_path/Frameworks @loader_path/Frameworks";
				PRODUCT_BUNDLE_IDENTIFIER = "WYA.$(PRODUCT_NAME:rfc1034identifier)";
				PRODUCT_NAME = "$(TARGET_NAME)";
				TEST_HOST = "$(BUILT_PRODUCTS_DIR)/Where-You-At.app/Where-You-At";
			};
			name = Debug;
		};
		0950D8261BFE345400D2CD34 /* Release */ = {
			isa = XCBuildConfiguration;
			buildSettings = {
				BUNDLE_LOADER = "$(TEST_HOST)";
				FRAMEWORK_SEARCH_PATHS = (
					"$(SDKROOT)/Developer/Library/Frameworks",
					"$(inherited)",
				);
				INFOPLIST_FILE = "Where-You-AtTests/Info.plist";
				LD_RUNPATH_SEARCH_PATHS = "$(inherited) @executable_path/Frameworks @loader_path/Frameworks";
				PRODUCT_BUNDLE_IDENTIFIER = "WYA.$(PRODUCT_NAME:rfc1034identifier)";
				PRODUCT_NAME = "$(TARGET_NAME)";
				TEST_HOST = "$(BUILT_PRODUCTS_DIR)/Where-You-At.app/Where-You-At";
			};
			name = Release;
		};
/* End XCBuildConfiguration section */

/* Begin XCConfigurationList section */
		0950D7FD1BFE345400D2CD34 /* Build configuration list for PBXProject "Where-You-At" */ = {
			isa = XCConfigurationList;
			buildConfigurations = (
				0950D81F1BFE345400D2CD34 /* Debug */,
				0950D8201BFE345400D2CD34 /* Release */,
			);
			defaultConfigurationIsVisible = 0;
			defaultConfigurationName = Release;
		};
		0950D8211BFE345400D2CD34 /* Build configuration list for PBXNativeTarget "Where-You-At" */ = {
			isa = XCConfigurationList;
			buildConfigurations = (
				0950D8221BFE345400D2CD34 /* Debug */,
				0950D8231BFE345400D2CD34 /* Release */,
			);
			defaultConfigurationIsVisible = 0;
			defaultConfigurationName = Release;
		};
		0950D8241BFE345400D2CD34 /* Build configuration list for PBXNativeTarget "Where-You-AtTests" */ = {
			isa = XCConfigurationList;
			buildConfigurations = (
				0950D8251BFE345400D2CD34 /* Debug */,
				0950D8261BFE345400D2CD34 /* Release */,
			);
			defaultConfigurationIsVisible = 0;
			defaultConfigurationName = Release;
		};
/* End XCConfigurationList section */
	};
	rootObject = 0950D7FA1BFE345400D2CD34 /* Project object */;
}
